
Microsoft Visual Studio Solution File, Format Version 12.00
# Visual Studio 15
VisualStudioVersion = 15.0.26124.0
MinimumVisualStudioVersion = 15.0.26124.0
Project("{FAE04EC0-301F-11D3-BF4B-00C04F79EFBC}") = "API", "API\API.csproj", "{4621F6B9-E9B9-4DD5-9CAD-451D6B2274F0}"
EndProject
Project("{FAE04EC0-301F-11D3-BF4B-00C04F79EFBC}") = "Core", "Core\Core.csproj", "{74CE04BB-24F8-435F-B1D4-68B1DB84DA7F}"
EndProject
Project("{FAE04EC0-301F-11D3-BF4B-00C04F79EFBC}") = "Infrastructure", "Infrastructure\Infrastructure.csproj", "{650FE797-E9AA-4DD7-87CA-4503778AEAA5}"
EndProject
Global
	GlobalSection(SolutionConfigurationPlatforms) = preSolution
		Debug|Any CPU = Debug|Any CPU
		Debug|x64 = Debug|x64
		Debug|x86 = Debug|x86
		Release|Any CPU = Release|Any CPU
		Release|x64 = Release|x64
		Release|x86 = Release|x86
	EndGlobalSection
	GlobalSection(SolutionProperties) = preSolution
		HideSolutionNode = FALSE
	EndGlobalSection
	GlobalSection(ProjectConfigurationPlatforms) = postSolution
		{4621F6B9-E9B9-4DD5-9CAD-451D6B2274F0}.Debug|Any CPU.ActiveCfg = Debug|Any CPU
		{4621F6B9-E9B9-4DD5-9CAD-451D6B2274F0}.Debug|Any CPU.Build.0 = Debug|Any CPU
		{4621F6B9-E9B9-4DD5-9CAD-451D6B2274F0}.Debug|x64.ActiveCfg = Debug|Any CPU
		{4621F6B9-E9B9-4DD5-9CAD-451D6B2274F0}.Debug|x64.Build.0 = Debug|Any CPU
		{4621F6B9-E9B9-4DD5-9CAD-451D6B2274F0}.Debug|x86.ActiveCfg = Debug|Any CPU
		{4621F6B9-E9B9-4DD5-9CAD-451D6B2274F0}.Debug|x86.Build.0 = Debug|Any CPU
		{4621F6B9-E9B9-4DD5-9CAD-451D6B2274F0}.Release|Any CPU.ActiveCfg = Release|Any CPU
		{4621F6B9-E9B9-4DD5-9CAD-451D6B2274F0}.Release|Any CPU.Build.0 = Release|Any CPU
		{4621F6B9-E9B9-4DD5-9CAD-451D6B2274F0}.Release|x64.ActiveCfg = Release|Any CPU
		{4621F6B9-E9B9-4DD5-9CAD-451D6B2274F0}.Release|x64.Build.0 = Release|Any CPU
		{4621F6B9-E9B9-4DD5-9CAD-451D6B2274F0}.Release|x86.ActiveCfg = Release|Any CPU
		{4621F6B9-E9B9-4DD5-9CAD-451D6B2274F0}.Release|x86.Build.0 = Release|Any CPU
		{74CE04BB-24F8-435F-B1D4-68B1DB84DA7F}.Debug|Any CPU.ActiveCfg = Debug|Any CPU
		{74CE04BB-24F8-435F-B1D4-68B1DB84DA7F}.Debug|Any CPU.Build.0 = Debug|Any CPU
		{74CE04BB-24F8-435F-B1D4-68B1DB84DA7F}.Debug|x64.ActiveCfg = Debug|Any CPU
		{74CE04BB-24F8-435F-B1D4-68B1DB84DA7F}.Debug|x64.Build.0 = Debug|Any CPU
		{74CE04BB-24F8-435F-B1D4-68B1DB84DA7F}.Debug|x86.ActiveCfg = Debug|Any CPU
		{74CE04BB-24F8-435F-B1D4-68B1DB84DA7F}.Debug|x86.Build.0 = Debug|Any CPU
		{74CE04BB-24F8-435F-B1D4-68B1DB84DA7F}.Release|Any CPU.ActiveCfg = Release|Any CPU
		{74CE04BB-24F8-435F-B1D4-68B1DB84DA7F}.Release|Any CPU.Build.0 = Release|Any CPU
		{74CE04BB-24F8-435F-B1D4-68B1DB84DA7F}.Release|x64.ActiveCfg = Release|Any CPU
		{74CE04BB-24F8-435F-B1D4-68B1DB84DA7F}.Release|x64.Build.0 = Release|Any CPU
		{74CE04BB-24F8-435F-B1D4-68B1DB84DA7F}.Release|x86.ActiveCfg = Release|Any CPU
		{74CE04BB-24F8-435F-B1D4-68B1DB84DA7F}.Release|x86.Build.0 = Release|Any CPU
		{650FE797-E9AA-4DD7-87CA-4503778AEAA5}.Debug|Any CPU.ActiveCfg = Debug|Any CPU
		{650FE797-E9AA-4DD7-87CA-4503778AEAA5}.Debug|Any CPU.Build.0 = Debug|Any CPU
		{650FE797-E9AA-4DD7-87CA-4503778AEAA5}.Debug|x64.ActiveCfg = Debug|Any CPU
		{650FE797-E9AA-4DD7-87CA-4503778AEAA5}.Debug|x64.Build.0 = Debug|Any CPU
		{650FE797-E9AA-4DD7-87CA-4503778AEAA5}.Debug|x86.ActiveCfg = Debug|Any CPU
		{650FE797-E9AA-4DD7-87CA-4503778AEAA5}.Debug|x86.Build.0 = Debug|Any CPU
		{650FE797-E9AA-4DD7-87CA-4503778AEAA5}.Release|Any CPU.ActiveCfg = Release|Any CPU
		{650FE797-E9AA-4DD7-87CA-4503778AEAA5}.Release|Any CPU.Build.0 = Release|Any CPU
		{650FE797-E9AA-4DD7-87CA-4503778AEAA5}.Release|x64.ActiveCfg = Release|Any CPU
		{650FE797-E9AA-4DD7-87CA-4503778AEAA5}.Release|x64.Build.0 = Release|Any CPU
		{650FE797-E9AA-4DD7-87CA-4503778AEAA5}.Release|x86.ActiveCfg = Release|Any CPU
		{650FE797-E9AA-4DD7-87CA-4503778AEAA5}.Release|x86.Build.0 = Release|Any CPU
	EndGlobalSection
EndGlobal
